
Microsoft Visual Studio Solution File, Format Version 12.00
# Visual Studio Version 16
VisualStudioVersion = 16.0.30523.141
MinimumVisualStudioVersion = 10.0.40219.1
Project("{FAE04EC0-301F-11D3-BF4B-00C04F79EFBC}") = "BDMySql", "BDMySql\BDMySql.csproj", "{DDEB0ACE-67F5-465A-BA4C-AA40C137FF52}"
EndProject
Global
	GlobalSection(SolutionConfigurationPlatforms) = preSolution
		Debug|Any CPU = Debug|Any CPU
		Release|Any CPU = Release|Any CPU
	EndGlobalSection
	GlobalSection(ProjectConfigurationPlatforms) = postSolution
		{DDEB0ACE-67F5-465A-BA4C-AA40C137FF52}.Debug|Any CPU.ActiveCfg = Debug|Any CPU
		{DDEB0ACE-67F5-465A-BA4C-AA40C137FF52}.Debug|Any CPU.Build.0 = Debug|Any CPU
		{DDEB0ACE-67F5-465A-BA4C-AA40C137FF52}.Release|Any CPU.ActiveCfg = Release|Any CPU
		{DDEB0ACE-67F5-465A-BA4C-AA40C137FF52}.Release|Any CPU.Build.0 = Release|Any CPU
	EndGlobalSection
	GlobalSection(SolutionProperties) = preSolution
		HideSolutionNode = FALSE
	EndGlobalSection
	GlobalSection(ExtensibilityGlobals) = postSolution
		SolutionGuid = {5E490918-FCCB-4785-8E9C-4ADF70D3D475}
	EndGlobalSection
EndGlobal
